
Microsoft Visual Studio Solution File, Format Version 12.00
# Visual Studio Version 16
VisualStudioVersion = 16.0.31025.194
MinimumVisualStudioVersion = 10.0.40219.1
Project("{FAE04EC0-301F-11D3-BF4B-00C04F79EFBC}") = "Tweaks and Fixes", "Tweaks and Fixes.csproj", "{9F831547-72D0-4DD6-A08F-9D2FFB3ABDFE}"
EndProject
Global
	GlobalSection(SolutionConfigurationPlatforms) = preSolution
		Debug|Any CPU = Debug|Any CPU
		Release|Any CPU = Release|Any CPU
	EndGlobalSection
	GlobalSection(ProjectConfigurationPlatforms) = postSolution
		{9F831547-72D0-4DD6-A08F-9D2FFB3ABDFE}.Debug|Any CPU.ActiveCfg = Debug|Any CPU
		{9F831547-72D0-4DD6-A08F-9D2FFB3ABDFE}.Debug|Any CPU.Build.0 = Debug|Any CPU
		{9F831547-72D0-4DD6-A08F-9D2FFB3ABDFE}.Release|Any CPU.ActiveCfg = Release|Any CPU
		{9F831547-72D0-4DD6-A08F-9D2FFB3ABDFE}.Release|Any CPU.Build.0 = Release|Any CPU
	EndGlobalSection
	GlobalSection(SolutionProperties) = preSolution
		HideSolutionNode = FALSE
	EndGlobalSection
	GlobalSection(ExtensibilityGlobals) = postSolution
		SolutionGuid = {63E9A5AA-8D24-4C2F-9E17-B4F2EA772E8F}
	EndGlobalSection
EndGlobal
